
Microsoft Visual Studio Solution File, Format Version 12.00
# Visual Studio 15
VisualStudioVersion = 15.0.28307.168
MinimumVisualStudioVersion = 10.0.40219.1
Project("{FAE04EC0-301F-11D3-BF4B-00C04F79EFBC}") = "Hello World", "Hello World\Hello World.csproj", "{701005A6-3ACF-463E-87E6-5A83ED71EFF7}"
EndProject
Project("{FAE04EC0-301F-11D3-BF4B-00C04F79EFBC}") = "WerkzeugManager", "WerkzeugManager\WerkzeugManager.csproj", "{485E96D1-B4FB-4A71-B074-A9D3C499F6F8}"
EndProject
Project("{FAE04EC0-301F-11D3-BF4B-00C04F79EFBC}") = "Lokalisierung", "Lokalisierung\Lokalisierung.csproj", "{9DBD15E8-710D-4AE6-A12A-99658A9818CC}"
EndProject
Project("{FAE04EC0-301F-11D3-BF4B-00C04F79EFBC}") = "ElementBinding", "ElementBinding\ElementBinding.csproj", "{D73B7C16-09C5-4497-9B05-00D67D52EC31}"
EndProject
Project("{FAE04EC0-301F-11D3-BF4B-00C04F79EFBC}") = "PersonenManager", "PersonenManager\PersonenManager.csproj", "{635F14B4-0DC9-4FD5-87DB-AFE98DB7E54E}"
EndProject
Project("{FAE04EC0-301F-11D3-BF4B-00C04F79EFBC}") = "WetterApp", "WetterApp\WetterApp.csproj", "{DA67CBC1-74FC-4F11-A13C-0B621966BF17}"
EndProject
Project("{2150E333-8FDC-42A3-9474-1A3956D46DE8}") = "MTODO_Projekte", "MTODO_Projekte", "{A48C76BD-C745-43BC-9810-4503011604D6}"
EndProject
Project("{9A19103F-16F7-4668-BE54-9A1E7A4F7556}") = "MTODO_Models", "MTODO_Models\MTODO_Models.csproj", "{7734C861-7E26-4627-B989-260A90D6D319}"
EndProject
Project("{FAE04EC0-301F-11D3-BF4B-00C04F79EFBC}") = "MTODO", "MTODO\MTODO.csproj", "{DA82CD7B-B099-426B-9E86-63257F90906C}"
EndProject
Project("{FAE04EC0-301F-11D3-BF4B-00C04F79EFBC}") = "MTODO_AppService", "MTODO_AppService\MTODO_AppService.csproj", "{1627AF5C-D93F-42C3-9577-B6ED2521C435}"
EndProject
Project("{FAE04EC0-301F-11D3-BF4B-00C04F79EFBC}") = "Server", "Server\Server.csproj", "{6F801566-C7BA-4381-91D7-25C351481D3A}"
EndProject
Project("{FAE04EC0-301F-11D3-BF4B-00C04F79EFBC}") = "ControlTemplates", "ControlTemplates\ControlTemplates.csproj", "{7052C1D1-A340-4F65-9C91-AB16798343BA}"
EndProject
Global
	GlobalSection(SolutionConfigurationPlatforms) = preSolution
		Debug|Any CPU = Debug|Any CPU
		Debug|ARM = Debug|ARM
		Debug|ARM64 = Debug|ARM64
		Debug|x64 = Debug|x64
		Debug|x86 = Debug|x86
		Release|Any CPU = Release|Any CPU
		Release|ARM = Release|ARM
		Release|ARM64 = Release|ARM64
		Release|x64 = Release|x64
		Release|x86 = Release|x86
	EndGlobalSection
	GlobalSection(ProjectConfigurationPlatforms) = postSolution
		{701005A6-3ACF-463E-87E6-5A83ED71EFF7}.Debug|Any CPU.ActiveCfg = Debug|x86
		{701005A6-3ACF-463E-87E6-5A83ED71EFF7}.Debug|ARM.ActiveCfg = Debug|ARM
		{701005A6-3ACF-463E-87E6-5A83ED71EFF7}.Debug|ARM.Build.0 = Debug|ARM
		{701005A6-3ACF-463E-87E6-5A83ED71EFF7}.Debug|ARM.Deploy.0 = Debug|ARM
		{701005A6-3ACF-463E-87E6-5A83ED71EFF7}.Debug|ARM64.ActiveCfg = Debug|ARM64
		{701005A6-3ACF-463E-87E6-5A83ED71EFF7}.Debug|ARM64.Build.0 = Debug|ARM64
		{701005A6-3ACF-463E-87E6-5A83ED71EFF7}.Debug|ARM64.Deploy.0 = Debug|ARM64
		{701005A6-3ACF-463E-87E6-5A83ED71EFF7}.Debug|x64.ActiveCfg = Debug|x64
		{701005A6-3ACF-463E-87E6-5A83ED71EFF7}.Debug|x64.Build.0 = Debug|x64
		{701005A6-3ACF-463E-87E6-5A83ED71EFF7}.Debug|x64.Deploy.0 = Debug|x64
		{701005A6-3ACF-463E-87E6-5A83ED71EFF7}.Debug|x86.ActiveCfg = Debug|x86
		{701005A6-3ACF-463E-87E6-5A83ED71EFF7}.Debug|x86.Build.0 = Debug|x86
		{701005A6-3ACF-463E-87E6-5A83ED71EFF7}.Debug|x86.Deploy.0 = Debug|x86
		{701005A6-3ACF-463E-87E6-5A83ED71EFF7}.Release|Any CPU.ActiveCfg = Release|x86
		{701005A6-3ACF-463E-87E6-5A83ED71EFF7}.Release|ARM.ActiveCfg = Release|ARM
		{701005A6-3ACF-463E-87E6-5A83ED71EFF7}.Release|ARM.Build.0 = Release|ARM
		{701005A6-3ACF-463E-87E6-5A83ED71EFF7}.Release|ARM.Deploy.0 = Release|ARM
		{701005A6-3ACF-463E-87E6-5A83ED71EFF7}.Release|ARM64.ActiveCfg = Release|ARM64
		{701005A6-3ACF-463E-87E6-5A83ED71EFF7}.Release|ARM64.Build.0 = Release|ARM64
		{701005A6-3ACF-463E-87E6-5A83ED71EFF7}.Release|ARM64.Deploy.0 = Release|ARM64
		{701005A6-3ACF-463E-87E6-5A83ED71EFF7}.Release|x64.ActiveCfg = Release|x64
		{701005A6-3ACF-463E-87E6-5A83ED71EFF7}.Release|x64.Build.0 = Release|x64
		{701005A6-3ACF-463E-87E6-5A83ED71EFF7}.Release|x64.Deploy.0 = Release|x64
		{701005A6-3ACF-463E-87E6-5A83ED71EFF7}.Release|x86.ActiveCfg = Release|x86
		{701005A6-3ACF-463E-87E6-5A83ED71EFF7}.Release|x86.Build.0 = Release|x86
		{701005A6-3ACF-463E-87E6-5A83ED71EFF7}.Release|x86.Deploy.0 = Release|x86
		{485E96D1-B4FB-4A71-B074-A9D3C499F6F8}.Debug|Any CPU.ActiveCfg = Debug|x86
		{485E96D1-B4FB-4A71-B074-A9D3C499F6F8}.Debug|ARM.ActiveCfg = Debug|ARM
		{485E96D1-B4FB-4A71-B074-A9D3C499F6F8}.Debug|ARM.Build.0 = Debug|ARM
		{485E96D1-B4FB-4A71-B074-A9D3C499F6F8}.Debug|ARM.Deploy.0 = Debug|ARM
		{485E96D1-B4FB-4A71-B074-A9D3C499F6F8}.Debug|ARM64.ActiveCfg = Debug|ARM64
		{485E96D1-B4FB-4A71-B074-A9D3C499F6F8}.Debug|ARM64.Build.0 = Debug|ARM64
		{485E96D1-B4FB-4A71-B074-A9D3C499F6F8}.Debug|ARM64.Deploy.0 = Debug|ARM64
		{485E96D1-B4FB-4A71-B074-A9D3C499F6F8}.Debug|x64.ActiveCfg = Debug|x64
		{485E96D1-B4FB-4A71-B074-A9D3C499F6F8}.Debug|x64.Build.0 = Debug|x64
		{485E96D1-B4FB-4A71-B074-A9D3C499F6F8}.Debug|x64.Deploy.0 = Debug|x64
		{485E96D1-B4FB-4A71-B074-A9D3C499F6F8}.Debug|x86.ActiveCfg = Debug|x86
		{485E96D1-B4FB-4A71-B074-A9D3C499F6F8}.Debug|x86.Build.0 = Debug|x86
		{485E96D1-B4FB-4A71-B074-A9D3C499F6F8}.Debug|x86.Deploy.0 = Debug|x86
		{485E96D1-B4FB-4A71-B074-A9D3C499F6F8}.Release|Any CPU.ActiveCfg = Release|x86
		{485E96D1-B4FB-4A71-B074-A9D3C499F6F8}.Release|ARM.ActiveCfg = Release|ARM
		{485E96D1-B4FB-4A71-B074-A9D3C499F6F8}.Release|ARM.Build.0 = Release|ARM
		{485E96D1-B4FB-4A71-B074-A9D3C499F6F8}.Release|ARM.Deploy.0 = Release|ARM
		{485E96D1-B4FB-4A71-B074-A9D3C499F6F8}.Release|ARM64.ActiveCfg = Release|ARM64
		{485E96D1-B4FB-4A71-B074-A9D3C499F6F8}.Release|ARM64.Build.0 = Release|ARM64
		{485E96D1-B4FB-4A71-B074-A9D3C499F6F8}.Release|ARM64.Deploy.0 = Release|ARM64
		{485E96D1-B4FB-4A71-B074-A9D3C499F6F8}.Release|x64.ActiveCfg = Release|x64
		{485E96D1-B4FB-4A71-B074-A9D3C499F6F8}.Release|x64.Build.0 = Release|x64
		{485E96D1-B4FB-4A71-B074-A9D3C499F6F8}.Release|x64.Deploy.0 = Release|x64
		{485E96D1-B4FB-4A71-B074-A9D3C499F6F8}.Release|x86.ActiveCfg = Release|x86
		{485E96D1-B4FB-4A71-B074-A9D3C499F6F8}.Release|x86.Build.0 = Release|x86
		{485E96D1-B4FB-4A71-B074-A9D3C499F6F8}.Release|x86.Deploy.0 = Release|x86
		{9DBD15E8-710D-4AE6-A12A-99658A9818CC}.Debug|Any CPU.ActiveCfg = Debug|x86
		{9DBD15E8-710D-4AE6-A12A-99658A9818CC}.Debug|ARM.ActiveCfg = Debug|ARM
		{9DBD15E8-710D-4AE6-A12A-99658A9818CC}.Debug|ARM.Build.0 = Debug|ARM
		{9DBD15E8-710D-4AE6-A12A-99658A9818CC}.Debug|ARM.Deploy.0 = Debug|ARM
		{9DBD15E8-710D-4AE6-A12A-99658A9818CC}.Debug|ARM64.ActiveCfg = Debug|ARM64
		{9DBD15E8-710D-4AE6-A12A-99658A9818CC}.Debug|ARM64.Build.0 = Debug|ARM64
		{9DBD15E8-710D-4AE6-A12A-99658A9818CC}.Debug|ARM64.Deploy.0 = Debug|ARM64
		{9DBD15E8-710D-4AE6-A12A-99658A9818CC}.Debug|x64.ActiveCfg = Debug|x64
		{9DBD15E8-710D-4AE6-A12A-99658A9818CC}.Debug|x64.Build.0 = Debug|x64
		{9DBD15E8-710D-4AE6-A12A-99658A9818CC}.Debug|x64.Deploy.0 = Debug|x64
		{9DBD15E8-710D-4AE6-A12A-99658A9818CC}.Debug|x86.ActiveCfg = Debug|x86
		{9DBD15E8-710D-4AE6-A12A-99658A9818CC}.Debug|x86.Build.0 = Debug|x86
		{9DBD15E8-710D-4AE6-A12A-99658A9818CC}.Debug|x86.Deploy.0 = Debug|x86
		{9DBD15E8-710D-4AE6-A12A-99658A9818CC}.Release|Any CPU.ActiveCfg = Release|x86
		{9DBD15E8-710D-4AE6-A12A-99658A9818CC}.Release|ARM.ActiveCfg = Release|ARM
		{9DBD15E8-710D-4AE6-A12A-99658A9818CC}.Release|ARM.Build.0 = Release|ARM
		{9DBD15E8-710D-4AE6-A12A-99658A9818CC}.Release|ARM.Deploy.0 = Release|ARM
		{9DBD15E8-710D-4AE6-A12A-99658A9818CC}.Release|ARM64.ActiveCfg = Release|ARM64
		{9DBD15E8-710D-4AE6-A12A-99658A9818CC}.Release|ARM64.Build.0 = Release|ARM64
		{9DBD15E8-710D-4AE6-A12A-99658A9818CC}.Release|ARM64.Deploy.0 = Release|ARM64
		{9DBD15E8-710D-4AE6-A12A-99658A9818CC}.Release|x64.ActiveCfg = Release|x64
		{9DBD15E8-710D-4AE6-A12A-99658A9818CC}.Release|x64.Build.0 = Release|x64
		{9DBD15E8-710D-4AE6-A12A-99658A9818CC}.Release|x64.Deploy.0 = Release|x64
		{9DBD15E8-710D-4AE6-A12A-99658A9818CC}.Release|x86.ActiveCfg = Release|x86
		{9DBD15E8-710D-4AE6-A12A-99658A9818CC}.Release|x86.Build.0 = Release|x86
		{9DBD15E8-710D-4AE6-A12A-99658A9818CC}.Release|x86.Deploy.0 = Release|x86
		{D73B7C16-09C5-4497-9B05-00D67D52EC31}.Debug|Any CPU.ActiveCfg = Debug|x86
		{D73B7C16-09C5-4497-9B05-00D67D52EC31}.Debug|ARM.ActiveCfg = Debug|ARM
		{D73B7C16-09C5-4497-9B05-00D67D52EC31}.Debug|ARM.Build.0 = Debug|ARM
		{D73B7C16-09C5-4497-9B05-00D67D52EC31}.Debug|ARM.Deploy.0 = Debug|ARM
		{D73B7C16-09C5-4497-9B05-00D67D52EC31}.Debug|ARM64.ActiveCfg = Debug|ARM64
		{D73B7C16-09C5-4497-9B05-00D67D52EC31}.Debug|ARM64.Build.0 = Debug|ARM64
		{D73B7C16-09C5-4497-9B05-00D67D52EC31}.Debug|ARM64.Deploy.0 = Debug|ARM64
		{D73B7C16-09C5-4497-9B05-00D67D52EC31}.Debug|x64.ActiveCfg = Debug|x64
		{D73B7C16-09C5-4497-9B05-00D67D52EC31}.Debug|x64.Build.0 = Debug|x64
		{D73B7C16-09C5-4497-9B05-00D67D52EC31}.Debug|x64.Deploy.0 = Debug|x64
		{D73B7C16-09C5-4497-9B05-00D67D52EC31}.Debug|x86.ActiveCfg = Debug|x86
		{D73B7C16-09C5-4497-9B05-00D67D52EC31}.Debug|x86.Build.0 = Debug|x86
		{D73B7C16-09C5-4497-9B05-00D67D52EC31}.Debug|x86.Deploy.0 = Debug|x86
		{D73B7C16-09C5-4497-9B05-00D67D52EC31}.Release|Any CPU.ActiveCfg = Release|x86
		{D73B7C16-09C5-4497-9B05-00D67D52EC31}.Release|ARM.ActiveCfg = Release|ARM
		{D73B7C16-09C5-4497-9B05-00D67D52EC31}.Release|ARM.Build.0 = Release|ARM
		{D73B7C16-09C5-4497-9B05-00D67D52EC31}.Release|ARM.Deploy.0 = Release|ARM
		{D73B7C16-09C5-4497-9B05-00D67D52EC31}.Release|ARM64.ActiveCfg = Release|ARM64
		{D73B7C16-09C5-4497-9B05-00D67D52EC31}.Release|ARM64.Build.0 = Release|ARM64
		{D73B7C16-09C5-4497-9B05-00D67D52EC31}.Release|ARM64.Deploy.0 = Release|ARM64
		{D73B7C16-09C5-4497-9B05-00D67D52EC31}.Release|x64.ActiveCfg = Release|x64
		{D73B7C16-09C5-4497-9B05-00D67D52EC31}.Release|x64.Build.0 = Release|x64
		{D73B7C16-09C5-4497-9B05-00D67D52EC31}.Release|x64.Deploy.0 = Release|x64
		{D73B7C16-09C5-4497-9B05-00D67D52EC31}.Release|x86.ActiveCfg = Release|x86
		{D73B7C16-09C5-4497-9B05-00D67D52EC31}.Release|x86.Build.0 = Release|x86
		{D73B7C16-09C5-4497-9B05-00D67D52EC31}.Release|x86.Deploy.0 = Release|x86
		{635F14B4-0DC9-4FD5-87DB-AFE98DB7E54E}.Debug|Any CPU.ActiveCfg = Debug|x86
		{635F14B4-0DC9-4FD5-87DB-AFE98DB7E54E}.Debug|ARM.ActiveCfg = Debug|ARM
		{635F14B4-0DC9-4FD5-87DB-AFE98DB7E54E}.Debug|ARM.Build.0 = Debug|ARM
		{635F14B4-0DC9-4FD5-87DB-AFE98DB7E54E}.Debug|ARM.Deploy.0 = Debug|ARM
		{635F14B4-0DC9-4FD5-87DB-AFE98DB7E54E}.Debug|ARM64.ActiveCfg = Debug|ARM64
		{635F14B4-0DC9-4FD5-87DB-AFE98DB7E54E}.Debug|ARM64.Build.0 = Debug|ARM64
		{635F14B4-0DC9-4FD5-87DB-AFE98DB7E54E}.Debug|ARM64.Deploy.0 = Debug|ARM64
		{635F14B4-0DC9-4FD5-87DB-AFE98DB7E54E}.Debug|x64.ActiveCfg = Debug|x64
		{635F14B4-0DC9-4FD5-87DB-AFE98DB7E54E}.Debug|x64.Build.0 = Debug|x64
		{635F14B4-0DC9-4FD5-87DB-AFE98DB7E54E}.Debug|x64.Deploy.0 = Debug|x64
		{635F14B4-0DC9-4FD5-87DB-AFE98DB7E54E}.Debug|x86.ActiveCfg = Debug|x86
		{635F14B4-0DC9-4FD5-87DB-AFE98DB7E54E}.Debug|x86.Build.0 = Debug|x86
		{635F14B4-0DC9-4FD5-87DB-AFE98DB7E54E}.Debug|x86.Deploy.0 = Debug|x86
		{635F14B4-0DC9-4FD5-87DB-AFE98DB7E54E}.Release|Any CPU.ActiveCfg = Release|x86
		{635F14B4-0DC9-4FD5-87DB-AFE98DB7E54E}.Release|ARM.ActiveCfg = Release|ARM
		{635F14B4-0DC9-4FD5-87DB-AFE98DB7E54E}.Release|ARM.Build.0 = Release|ARM
		{635F14B4-0DC9-4FD5-87DB-AFE98DB7E54E}.Release|ARM.Deploy.0 = Release|ARM
		{635F14B4-0DC9-4FD5-87DB-AFE98DB7E54E}.Release|ARM64.ActiveCfg = Release|ARM64
		{635F14B4-0DC9-4FD5-87DB-AFE98DB7E54E}.Release|ARM64.Build.0 = Release|ARM64
		{635F14B4-0DC9-4FD5-87DB-AFE98DB7E54E}.Release|ARM64.Deploy.0 = Release|ARM64
		{635F14B4-0DC9-4FD5-87DB-AFE98DB7E54E}.Release|x64.ActiveCfg = Release|x64
		{635F14B4-0DC9-4FD5-87DB-AFE98DB7E54E}.Release|x64.Build.0 = Release|x64
		{635F14B4-0DC9-4FD5-87DB-AFE98DB7E54E}.Release|x64.Deploy.0 = Release|x64
		{635F14B4-0DC9-4FD5-87DB-AFE98DB7E54E}.Release|x86.ActiveCfg = Release|x86
		{635F14B4-0DC9-4FD5-87DB-AFE98DB7E54E}.Release|x86.Build.0 = Release|x86
		{635F14B4-0DC9-4FD5-87DB-AFE98DB7E54E}.Release|x86.Deploy.0 = Release|x86
		{DA67CBC1-74FC-4F11-A13C-0B621966BF17}.Debug|Any CPU.ActiveCfg = Debug|x86
		{DA67CBC1-74FC-4F11-A13C-0B621966BF17}.Debug|ARM.ActiveCfg = Debug|ARM
		{DA67CBC1-74FC-4F11-A13C-0B621966BF17}.Debug|ARM.Build.0 = Debug|ARM
		{DA67CBC1-74FC-4F11-A13C-0B621966BF17}.Debug|ARM.Deploy.0 = Debug|ARM
		{DA67CBC1-74FC-4F11-A13C-0B621966BF17}.Debug|ARM64.ActiveCfg = Debug|ARM64
		{DA67CBC1-74FC-4F11-A13C-0B621966BF17}.Debug|ARM64.Build.0 = Debug|ARM64
		{DA67CBC1-74FC-4F11-A13C-0B621966BF17}.Debug|ARM64.Deploy.0 = Debug|ARM64
		{DA67CBC1-74FC-4F11-A13C-0B621966BF17}.Debug|x64.ActiveCfg = Debug|x64
		{DA67CBC1-74FC-4F11-A13C-0B621966BF17}.Debug|x64.Build.0 = Debug|x64
		{DA67CBC1-74FC-4F11-A13C-0B621966BF17}.Debug|x64.Deploy.0 = Debug|x64
		{DA67CBC1-74FC-4F11-A13C-0B621966BF17}.Debug|x86.ActiveCfg = Debug|x86
		{DA67CBC1-74FC-4F11-A13C-0B621966BF17}.Debug|x86.Build.0 = Debug|x86
		{DA67CBC1-74FC-4F11-A13C-0B621966BF17}.Debug|x86.Deploy.0 = Debug|x86
		{DA67CBC1-74FC-4F11-A13C-0B621966BF17}.Release|Any CPU.ActiveCfg = Release|x86
		{DA67CBC1-74FC-4F11-A13C-0B621966BF17}.Release|ARM.ActiveCfg = Release|ARM
		{DA67CBC1-74FC-4F11-A13C-0B621966BF17}.Release|ARM.Build.0 = Release|ARM
		{DA67CBC1-74FC-4F11-A13C-0B621966BF17}.Release|ARM.Deploy.0 = Release|ARM
		{DA67CBC1-74FC-4F11-A13C-0B621966BF17}.Release|ARM64.ActiveCfg = Release|ARM64
		{DA67CBC1-74FC-4F11-A13C-0B621966BF17}.Release|ARM64.Build.0 = Release|ARM64
		{DA67CBC1-74FC-4F11-A13C-0B621966BF17}.Release|ARM64.Deploy.0 = Release|ARM64
		{DA67CBC1-74FC-4F11-A13C-0B621966BF17}.Release|x64.ActiveCfg = Release|x64
		{DA67CBC1-74FC-4F11-A13C-0B621966BF17}.Release|x64.Build.0 = Release|x64
		{DA67CBC1-74FC-4F11-A13C-0B621966BF17}.Release|x64.Deploy.0 = Release|x64
		{DA67CBC1-74FC-4F11-A13C-0B621966BF17}.Release|x86.ActiveCfg = Release|x86
		{DA67CBC1-74FC-4F11-A13C-0B621966BF17}.Release|x86.Build.0 = Release|x86
		{DA67CBC1-74FC-4F11-A13C-0B621966BF17}.Release|x86.Deploy.0 = Release|x86
		{7734C861-7E26-4627-B989-260A90D6D319}.Debug|Any CPU.ActiveCfg = Debug|Any CPU
		{7734C861-7E26-4627-B989-260A90D6D319}.Debug|Any CPU.Build.0 = Debug|Any CPU
		{7734C861-7E26-4627-B989-260A90D6D319}.Debug|ARM.ActiveCfg = Debug|Any CPU
		{7734C861-7E26-4627-B989-260A90D6D319}.Debug|ARM.Build.0 = Debug|Any CPU
		{7734C861-7E26-4627-B989-260A90D6D319}.Debug|ARM64.ActiveCfg = Debug|Any CPU
		{7734C861-7E26-4627-B989-260A90D6D319}.Debug|ARM64.Build.0 = Debug|Any CPU
		{7734C861-7E26-4627-B989-260A90D6D319}.Debug|x64.ActiveCfg = Debug|Any CPU
		{7734C861-7E26-4627-B989-260A90D6D319}.Debug|x64.Build.0 = Debug|Any CPU
		{7734C861-7E26-4627-B989-260A90D6D319}.Debug|x86.ActiveCfg = Debug|Any CPU
		{7734C861-7E26-4627-B989-260A90D6D319}.Debug|x86.Build.0 = Debug|Any CPU
		{7734C861-7E26-4627-B989-260A90D6D319}.Release|Any CPU.ActiveCfg = Release|Any CPU
		{7734C861-7E26-4627-B989-260A90D6D319}.Release|Any CPU.Build.0 = Release|Any CPU
		{7734C861-7E26-4627-B989-260A90D6D319}.Release|ARM.ActiveCfg = Release|Any CPU
		{7734C861-7E26-4627-B989-260A90D6D319}.Release|ARM.Build.0 = Release|Any CPU
		{7734C861-7E26-4627-B989-260A90D6D319}.Release|ARM64.ActiveCfg = Release|Any CPU
		{7734C861-7E26-4627-B989-260A90D6D319}.Release|ARM64.Build.0 = Release|Any CPU
		{7734C861-7E26-4627-B989-260A90D6D319}.Release|x64.ActiveCfg = Release|Any CPU
		{7734C861-7E26-4627-B989-260A90D6D319}.Release|x64.Build.0 = Release|Any CPU
		{7734C861-7E26-4627-B989-260A90D6D319}.Release|x86.ActiveCfg = Release|Any CPU
		{7734C861-7E26-4627-B989-260A90D6D319}.Release|x86.Build.0 = Release|Any CPU
		{DA82CD7B-B099-426B-9E86-63257F90906C}.Debug|Any CPU.ActiveCfg = Debug|x86
		{DA82CD7B-B099-426B-9E86-63257F90906C}.Debug|ARM.ActiveCfg = Debug|ARM
		{DA82CD7B-B099-426B-9E86-63257F90906C}.Debug|ARM.Build.0 = Debug|ARM
		{DA82CD7B-B099-426B-9E86-63257F90906C}.Debug|ARM.Deploy.0 = Debug|ARM
		{DA82CD7B-B099-426B-9E86-63257F90906C}.Debug|ARM64.ActiveCfg = Debug|ARM64
		{DA82CD7B-B099-426B-9E86-63257F90906C}.Debug|ARM64.Build.0 = Debug|ARM64
		{DA82CD7B-B099-426B-9E86-63257F90906C}.Debug|ARM64.Deploy.0 = Debug|ARM64
		{DA82CD7B-B099-426B-9E86-63257F90906C}.Debug|x64.ActiveCfg = Debug|x64
		{DA82CD7B-B099-426B-9E86-63257F90906C}.Debug|x64.Build.0 = Debug|x64
		{DA82CD7B-B099-426B-9E86-63257F90906C}.Debug|x64.Deploy.0 = Debug|x64
		{DA82CD7B-B099-426B-9E86-63257F90906C}.Debug|x86.ActiveCfg = Debug|x86
		{DA82CD7B-B099-426B-9E86-63257F90906C}.Debug|x86.Build.0 = Debug|x86
		{DA82CD7B-B099-426B-9E86-63257F90906C}.Debug|x86.Deploy.0 = Debug|x86
		{DA82CD7B-B099-426B-9E86-63257F90906C}.Release|Any CPU.ActiveCfg = Release|x86
		{DA82CD7B-B099-426B-9E86-63257F90906C}.Release|ARM.ActiveCfg = Release|ARM
		{DA82CD7B-B099-426B-9E86-63257F90906C}.Release|ARM.Build.0 = Release|ARM
		{DA82CD7B-B099-426B-9E86-63257F90906C}.Release|ARM.Deploy.0 = Release|ARM
		{DA82CD7B-B099-426B-9E86-63257F90906C}.Release|ARM64.ActiveCfg = Release|ARM64
		{DA82CD7B-B099-426B-9E86-63257F90906C}.Release|ARM64.Build.0 = Release|ARM64
		{DA82CD7B-B099-426B-9E86-63257F90906C}.Release|ARM64.Deploy.0 = Release|ARM64
		{DA82CD7B-B099-426B-9E86-63257F90906C}.Release|x64.ActiveCfg = Release|x64
		{DA82CD7B-B099-426B-9E86-63257F90906C}.Release|x64.Build.0 = Release|x64
		{DA82CD7B-B099-426B-9E86-63257F90906C}.Release|x64.Deploy.0 = Release|x64
		{DA82CD7B-B099-426B-9E86-63257F90906C}.Release|x86.ActiveCfg = Release|x86
		{DA82CD7B-B099-426B-9E86-63257F90906C}.Release|x86.Build.0 = Release|x86
		{DA82CD7B-B099-426B-9E86-63257F90906C}.Release|x86.Deploy.0 = Release|x86
		{1627AF5C-D93F-42C3-9577-B6ED2521C435}.Debug|Any CPU.ActiveCfg = Debug|Any CPU
		{1627AF5C-D93F-42C3-9577-B6ED2521C435}.Debug|Any CPU.Build.0 = Debug|Any CPU
		{1627AF5C-D93F-42C3-9577-B6ED2521C435}.Debug|ARM.ActiveCfg = Debug|ARM
		{1627AF5C-D93F-42C3-9577-B6ED2521C435}.Debug|ARM.Build.0 = Debug|ARM
		{1627AF5C-D93F-42C3-9577-B6ED2521C435}.Debug|ARM64.ActiveCfg = Debug|ARM64
		{1627AF5C-D93F-42C3-9577-B6ED2521C435}.Debug|ARM64.Build.0 = Debug|ARM64
		{1627AF5C-D93F-42C3-9577-B6ED2521C435}.Debug|x64.ActiveCfg = Debug|x64
		{1627AF5C-D93F-42C3-9577-B6ED2521C435}.Debug|x64.Build.0 = Debug|x64
		{1627AF5C-D93F-42C3-9577-B6ED2521C435}.Debug|x86.ActiveCfg = Debug|x86
		{1627AF5C-D93F-42C3-9577-B6ED2521C435}.Debug|x86.Build.0 = Debug|x86
		{1627AF5C-D93F-42C3-9577-B6ED2521C435}.Release|Any CPU.ActiveCfg = Release|Any CPU
		{1627AF5C-D93F-42C3-9577-B6ED2521C435}.Release|Any CPU.Build.0 = Release|Any CPU
		{1627AF5C-D93F-42C3-9577-B6ED2521C435}.Release|ARM.ActiveCfg = Release|ARM
		{1627AF5C-D93F-42C3-9577-B6ED2521C435}.Release|ARM.Build.0 = Release|ARM
		{1627AF5C-D93F-42C3-9577-B6ED2521C435}.Release|ARM64.ActiveCfg = Release|ARM64
		{1627AF5C-D93F-42C3-9577-B6ED2521C435}.Release|ARM64.Build.0 = Release|ARM64
		{1627AF5C-D93F-42C3-9577-B6ED2521C435}.Release|x64.ActiveCfg = Release|x64
		{1627AF5C-D93F-42C3-9577-B6ED2521C435}.Release|x64.Build.0 = Release|x64
		{1627AF5C-D93F-42C3-9577-B6ED2521C435}.Release|x86.ActiveCfg = Release|x86
		{1627AF5C-D93F-42C3-9577-B6ED2521C435}.Release|x86.Build.0 = Release|x86
		{6F801566-C7BA-4381-91D7-25C351481D3A}.Debug|Any CPU.ActiveCfg = Debug|x86
		{6F801566-C7BA-4381-91D7-25C351481D3A}.Debug|ARM.ActiveCfg = Debug|ARM
		{6F801566-C7BA-4381-91D7-25C351481D3A}.Debug|ARM.Build.0 = Debug|ARM
		{6F801566-C7BA-4381-91D7-25C351481D3A}.Debug|ARM.Deploy.0 = Debug|ARM
		{6F801566-C7BA-4381-91D7-25C351481D3A}.Debug|ARM64.ActiveCfg = Debug|ARM64
		{6F801566-C7BA-4381-91D7-25C351481D3A}.Debug|ARM64.Build.0 = Debug|ARM64
		{6F801566-C7BA-4381-91D7-25C351481D3A}.Debug|ARM64.Deploy.0 = Debug|ARM64
		{6F801566-C7BA-4381-91D7-25C351481D3A}.Debug|x64.ActiveCfg = Debug|x64
		{6F801566-C7BA-4381-91D7-25C351481D3A}.Debug|x64.Build.0 = Debug|x64
		{6F801566-C7BA-4381-91D7-25C351481D3A}.Debug|x64.Deploy.0 = Debug|x64
		{6F801566-C7BA-4381-91D7-25C351481D3A}.Debug|x86.ActiveCfg = Debug|x86
		{6F801566-C7BA-4381-91D7-25C351481D3A}.Debug|x86.Build.0 = Debug|x86
		{6F801566-C7BA-4381-91D7-25C351481D3A}.Debug|x86.Deploy.0 = Debug|x86
		{6F801566-C7BA-4381-91D7-25C351481D3A}.Release|Any CPU.ActiveCfg = Release|x86
		{6F801566-C7BA-4381-91D7-25C351481D3A}.Release|ARM.ActiveCfg = Release|ARM
		{6F801566-C7BA-4381-91D7-25C351481D3A}.Release|ARM.Build.0 = Release|ARM
		{6F801566-C7BA-4381-91D7-25C351481D3A}.Release|ARM.Deploy.0 = Release|ARM
		{6F801566-C7BA-4381-91D7-25C351481D3A}.Release|ARM64.ActiveCfg = Release|ARM64
		{6F801566-C7BA-4381-91D7-25C351481D3A}.Release|ARM64.Build.0 = Release|ARM64
		{6F801566-C7BA-4381-91D7-25C351481D3A}.Release|ARM64.Deploy.0 = Release|ARM64
		{6F801566-C7BA-4381-91D7-25C351481D3A}.Release|x64.ActiveCfg = Release|x64
		{6F801566-C7BA-4381-91D7-25C351481D3A}.Release|x64.Build.0 = Release|x64
		{6F801566-C7BA-4381-91D7-25C351481D3A}.Release|x64.Deploy.0 = Release|x64
		{6F801566-C7BA-4381-91D7-25C351481D3A}.Release|x86.ActiveCfg = Release|x86
		{6F801566-C7BA-4381-91D7-25C351481D3A}.Release|x86.Build.0 = Release|x86
		{6F801566-C7BA-4381-91D7-25C351481D3A}.Release|x86.Deploy.0 = Release|x86
		{7052C1D1-A340-4F65-9C91-AB16798343BA}.Debug|Any CPU.ActiveCfg = Debug|x86
		{7052C1D1-A340-4F65-9C91-AB16798343BA}.Debug|ARM.ActiveCfg = Debug|ARM
		{7052C1D1-A340-4F65-9C91-AB16798343BA}.Debug|ARM.Build.0 = Debug|ARM
		{7052C1D1-A340-4F65-9C91-AB16798343BA}.Debug|ARM.Deploy.0 = Debug|ARM
		{7052C1D1-A340-4F65-9C91-AB16798343BA}.Debug|ARM64.ActiveCfg = Debug|ARM64
		{7052C1D1-A340-4F65-9C91-AB16798343BA}.Debug|ARM64.Build.0 = Debug|ARM64
		{7052C1D1-A340-4F65-9C91-AB16798343BA}.Debug|ARM64.Deploy.0 = Debug|ARM64
		{7052C1D1-A340-4F65-9C91-AB16798343BA}.Debug|x64.ActiveCfg = Debug|x64
		{7052C1D1-A340-4F65-9C91-AB16798343BA}.Debug|x64.Build.0 = Debug|x64
		{7052C1D1-A340-4F65-9C91-AB16798343BA}.Debug|x64.Deploy.0 = Debug|x64
		{7052C1D1-A340-4F65-9C91-AB16798343BA}.Debug|x86.ActiveCfg = Debug|x86
		{7052C1D1-A340-4F65-9C91-AB16798343BA}.Debug|x86.Build.0 = Debug|x86
		{7052C1D1-A340-4F65-9C91-AB16798343BA}.Debug|x86.Deploy.0 = Debug|x86
		{7052C1D1-A340-4F65-9C91-AB16798343BA}.Release|Any CPU.ActiveCfg = Release|x86
		{7052C1D1-A340-4F65-9C91-AB16798343BA}.Release|ARM.ActiveCfg = Release|ARM
		{7052C1D1-A340-4F65-9C91-AB16798343BA}.Release|ARM.Build.0 = Release|ARM
		{7052C1D1-A340-4F65-9C91-AB16798343BA}.Release|ARM.Deploy.0 = Release|ARM
		{7052C1D1-A340-4F65-9C91-AB16798343BA}.Release|ARM64.ActiveCfg = Release|ARM64
		{7052C1D1-A340-4F65-9C91-AB16798343BA}.Release|ARM64.Build.0 = Release|ARM64
		{7052C1D1-A340-4F65-9C91-AB16798343BA}.Release|ARM64.Deploy.0 = Release|ARM64
		{7052C1D1-A340-4F65-9C91-AB16798343BA}.Release|x64.ActiveCfg = Release|x64
		{7052C1D1-A340-4F65-9C91-AB16798343BA}.Release|x64.Build.0 = Release|x64
		{7052C1D1-A340-4F65-9C91-AB16798343BA}.Release|x64.Deploy.0 = Release|x64
		{7052C1D1-A340-4F65-9C91-AB16798343BA}.Release|x86.ActiveCfg = Release|x86
		{7052C1D1-A340-4F65-9C91-AB16798343BA}.Release|x86.Build.0 = Release|x86
		{7052C1D1-A340-4F65-9C91-AB16798343BA}.Release|x86.Deploy.0 = Release|x86
	EndGlobalSection
	GlobalSection(SolutionProperties) = preSolution
		HideSolutionNode = FALSE
	EndGlobalSection
	GlobalSection(NestedProjects) = preSolution
		{7734C861-7E26-4627-B989-260A90D6D319} = {A48C76BD-C745-43BC-9810-4503011604D6}
		{DA82CD7B-B099-426B-9E86-63257F90906C} = {A48C76BD-C745-43BC-9810-4503011604D6}
		{1627AF5C-D93F-42C3-9577-B6ED2521C435} = {A48C76BD-C745-43BC-9810-4503011604D6}
		{6F801566-C7BA-4381-91D7-25C351481D3A} = {A48C76BD-C745-43BC-9810-4503011604D6}
	EndGlobalSection
	GlobalSection(ExtensibilityGlobals) = postSolution
		SolutionGuid = {F5491BFA-AE0E-4C8F-B522-9D5596B956CC}
	EndGlobalSection
EndGlobal
